
Microsoft Visual Studio Solution File, Format Version 12.00
# Visual Studio Version 16
VisualStudioVersion = 16.0.31605.320
MinimumVisualStudioVersion = 10.0.40219.1
Project("{9A19103F-16F7-4668-BE54-9A1E7A4F7556}") = "todofuentes.Common", "todofuentes.Common\todofuentes.Common.csproj", "{58A7CDEA-8261-4600-84D4-139BCB026DC3}"
EndProject
Project("{9A19103F-16F7-4668-BE54-9A1E7A4F7556}") = "todofuentes.Functions", "todofuentes.Functions\todofuentes.Functions.csproj", "{8C59E7F7-1110-4176-847F-3CE604C0245A}"
EndProject
Project("{9A19103F-16F7-4668-BE54-9A1E7A4F7556}") = "todofuentes.Test", "todofuentes.Test\todofuentes.Test.csproj", "{A23B8E0B-08FD-4681-9D0D-CFE1601160DA}"
EndProject
Global
	GlobalSection(SolutionConfigurationPlatforms) = preSolution
		Debug|Any CPU = Debug|Any CPU
		Release|Any CPU = Release|Any CPU
	EndGlobalSection
	GlobalSection(ProjectConfigurationPlatforms) = postSolution
		{58A7CDEA-8261-4600-84D4-139BCB026DC3}.Debug|Any CPU.ActiveCfg = Debug|Any CPU
		{58A7CDEA-8261-4600-84D4-139BCB026DC3}.Debug|Any CPU.Build.0 = Debug|Any CPU
		{58A7CDEA-8261-4600-84D4-139BCB026DC3}.Release|Any CPU.ActiveCfg = Release|Any CPU
		{58A7CDEA-8261-4600-84D4-139BCB026DC3}.Release|Any CPU.Build.0 = Release|Any CPU
		{8C59E7F7-1110-4176-847F-3CE604C0245A}.Debug|Any CPU.ActiveCfg = Debug|Any CPU
		{8C59E7F7-1110-4176-847F-3CE604C0245A}.Debug|Any CPU.Build.0 = Debug|Any CPU
		{8C59E7F7-1110-4176-847F-3CE604C0245A}.Release|Any CPU.ActiveCfg = Release|Any CPU
		{8C59E7F7-1110-4176-847F-3CE604C0245A}.Release|Any CPU.Build.0 = Release|Any CPU
		{A23B8E0B-08FD-4681-9D0D-CFE1601160DA}.Debug|Any CPU.ActiveCfg = Debug|Any CPU
		{A23B8E0B-08FD-4681-9D0D-CFE1601160DA}.Debug|Any CPU.Build.0 = Debug|Any CPU
		{A23B8E0B-08FD-4681-9D0D-CFE1601160DA}.Release|Any CPU.ActiveCfg = Release|Any CPU
		{A23B8E0B-08FD-4681-9D0D-CFE1601160DA}.Release|Any CPU.Build.0 = Release|Any CPU
	EndGlobalSection
	GlobalSection(SolutionProperties) = preSolution
		HideSolutionNode = FALSE
	EndGlobalSection
	GlobalSection(ExtensibilityGlobals) = postSolution
		SolutionGuid = {DFA60299-B432-4D41-8D58-C7ECFECAB55A}
	EndGlobalSection
EndGlobal
